{
  "object": {
    "pins": [
      {
        "package": "AsyncCompatibilityKit",
        "repositoryURL": "https://github.com/JohnSundell/AsyncCompatibilityKit",
        "state": {
          "branch": null,
          "revision": "bedef0457c31ef0236e0e92ad2e96c57bd3d8606",
          "version": "0.1.1"
        }
      },
      {
        "package": "xctest-dynamic-overlay",
        "repositoryURL": "https://github.com/pointfreeco/xctest-dynamic-overlay",
        "state": {
          "branch": null,
          "revision": "50a70a9d3583fe228ce672e8923010c8df2deddd",
          "version": "0.2.1"
        }
      }
    ]
  },
  "version": 1
}
